# This file was autogenerated by Stack.
# You should not edit this file by hand.
# For more information, please see the documentation at:
#   https://docs.haskellstack.org/en/stable/lock_files

packages:
- completed:
    hackage: list-extras-0.4.1.4@sha256:ed748395742238cb0824658a5cb916d3796817eb75fdd6632557ddfcd5429b7e,2394
    pantry-tree:
      size: 527
      sha256: 3887778ba91ac11e94300a82ce0898d9ce80dadcde7994676f3e66e7aee13bb7
  original:
    hackage: list-extras-0.4.1.4
- completed:
    hackage: lazysmallcheck-0.6@sha256:dac7a1e4877681f1260309e863e896674dd6efc1159897b7945893e693f2a6bc,1696
    pantry-tree:
      size: 2008
      sha256: aea6b83dd91703fd130d98ecfed88b8f16841b22990c837c8fde89f9f6cca809
  original:
    hackage: lazysmallcheck-0.6
- completed:
    hackage: equivalence-0.3.4@sha256:5f45627279b4ab74b17667e94ef80746a0b6f3654f06333de0f21b0e17047303,1694
    pantry-tree:
      size: 501
      sha256: 515a7ca364af167cbf3f766cfe3dbe06da47bb31fc9d360ecd297d7d57834e30
  original:
    hackage: equivalence-0.3.4
snapshots:
- completed:
    size: 532383
    url: https://raw.githubusercontent.com/commercialhaskell/stackage-snapshots/master/lts/16/10.yaml
    sha256: 469d781ab6d2a4eceed6b31b6e4ec842dcd3cd1d11577972e86902603dce24df
  original: lts-16.10
